<?xml version="1.0" encoding="utf-8"?>
<Project ToolsVersion="4.0" xmlns="http://schemas.microsoft.com/developer/msbuild/2003">
  <ItemGroup>
    <Filter Include="Archivos de origen">
      <UniqueIdentifier>{4FC737F1-C7A5-4376-A066-2A32D752A2FF}</UniqueIdentifier>
      <Extensions>cpp;c;cc;cxx;c++;cppm;ixx;def;odl;idl;hpj;bat;asm;asmx</Extensions>
    </Filter>
    <Filter Include="Archivos de encabezado">
      <UniqueIdentifier>{93995380-89BD-4b04-88EB-625FBE52EBFB}</UniqueIdentifier>
      <Extensions>h;hh;hpp;hxx;h++;hm;inl;inc;ipp;xsd</Extensions>
    </Filter>
    <Filter Include="Archivos de recursos">
      <UniqueIdentifier>{67DA6AB6-F800-4c08-8B7A-83BB121AAD01}</UniqueIdentifier>
      <Extensions>rc;ico;cur;bmp;dlg;rc2;rct;bin;rgs;gif;jpg;jpeg;jpe;resx;tiff;tif;png;wav;mfcribbon-ms</Extensions>
    </Filter>
    <Filter Include="Source">
      <UniqueIdentifier>{93edad07-1cf7-47aa-baa3-31b1d22b9d93}</UniqueIdentifier>
    </Filter>
    <Filter Include="Include">
      <UniqueIdentifier>{c435d57f-5f9f-45a9-9c23-51b87dc13b3c}</UniqueIdentifier>
    </Filter>
    <Filter Include="Include\Core">
      <UniqueIdentifier>{66a19785-7c29-46d7-be97-6efb57e00f2c}</UniqueIdentifier>
    </Filter>
    <Filter Include="Include\ECS">
      <UniqueIdentifier>{0dbfaf6d-deb4-4c58-9af9-7e6e20950fce}</UniqueIdentifier>
    </Filter>
    <Filter Include="Source\Core">
      <UniqueIdentifier>{b604f84a-3343-4466-bed8-634d0ceca77d}</UniqueIdentifier>
    </Filter>
  </ItemGroup>
  <ItemGroup>
    <ClCompile Include="Source\main.cpp">
      <Filter>Source</Filter>
    </ClCompile>
    <ClCompile Include="Source\Core\CShape.cpp">
      <Filter>Source\Core</Filter>
    </ClCompile>
    <ClCompile Include="Source\Core\Window.cpp">
      <Filter>Source\Core</Filter>
    </ClCompile>
  </ItemGroup>
  <ItemGroup>
    <ClInclude Include="Include\Prerequisites.h">
      <Filter>Include</Filter>
    </ClInclude>
    <ClInclude Include="Include\Core\CShape.h">
      <Filter>Include\Core</Filter>
    </ClInclude>
    <ClInclude Include="Include\Core\Window.h">
      <Filter>Include\Core</Filter>
    </ClInclude>
    <ClInclude Include="Include\ECS\Types.h">
      <Filter>Include\ECS</Filter>
    </ClInclude>
    <ClInclude Include="Include\ECS\SparseSet.h">
      <Filter>Include\ECS</Filter>
    </ClInclude>
  </ItemGroup>
</Project>