<?xml version="1.0" encoding="utf-8"?>
<Project ToolsVersion="4.0" xmlns="http://schemas.microsoft.com/developer/msbuild/2003">
  <ItemGroup>
    <Filter Include="Archivos de origen">
      <UniqueIdentifier>{4FC737F1-C7A5-4376-A066-2A32D752A2FF}</UniqueIdentifier>
      <Extensions>cpp;c;cc;cxx;c++;cppm;ixx;def;odl;idl;hpj;bat;asm;asmx</Extensions>
    </Filter>
    <Filter Include="Archivos de encabezado">
      <UniqueIdentifier>{93995380-89BD-4b04-88EB-625FBE52EBFB}</UniqueIdentifier>
      <Extensions>h;hh;hpp;hxx;h++;hm;inl;inc;ipp;xsd</Extensions>
    </Filter>
    <Filter Include="Archivos de recursos">
      <UniqueIdentifier>{67DA6AB6-F800-4c08-8B7A-83BB121AAD01}</UniqueIdentifier>
      <Extensions>rc;ico;cur;bmp;dlg;rc2;rct;bin;rgs;gif;jpg;jpeg;jpe;resx;tiff;tif;png;wav;mfcribbon-ms</Extensions>
    </Filter>
    <Filter Include="Source">
      <UniqueIdentifier>{93edad07-1cf7-47aa-baa3-31b1d22b9d93}</UniqueIdentifier>
    </Filter>
    <Filter Include="Include">
      <UniqueIdentifier>{c435d57f-5f9f-45a9-9c23-51b87dc13b3c}</UniqueIdentifier>
    </Filter>
    <Filter Include="Include\Core">
      <UniqueIdentifier>{66a19785-7c29-46d7-be97-6efb57e00f2c}</UniqueIdentifier>
    </Filter>
    <Filter Include="Include\ECS">
      <UniqueIdentifier>{0dbfaf6d-deb4-4c58-9af9-7e6e20950fce}</UniqueIdentifier>
    </Filter>
    <Filter Include="Source\Core">
      <UniqueIdentifier>{b604f84a-3343-4466-bed8-634d0ceca77d}</UniqueIdentifier>
    </Filter>
    <Filter Include="Include\ECS\Components">
      <UniqueIdentifier>{d21da035-d534-40a0-9922-c79fb5888194}</UniqueIdentifier>
    </Filter>
    <Filter Include="Include\ECS\Systems">
      <UniqueIdentifier>{8c8309bd-c70c-441c-8bbd-fe7100fd4375}</UniqueIdentifier>
    </Filter>
    <Filter Include="Archivos de encabezado\Imgui">
      <UniqueIdentifier>{668ce950-76ea-40af-b585-3e2b19e12f29}</UniqueIdentifier>
    </Filter>
    <Filter Include="Source\Imgui">
      <UniqueIdentifier>{7cba6f21-b603-44c0-b0ef-80db24377f00}</UniqueIdentifier>
    </Filter>
  </ItemGroup>
  <ItemGroup>
    <ClCompile Include="Source\main.cpp">
      <Filter>Source</Filter>
    </ClCompile>
    <ClCompile Include="Source\Core\CShape.cpp">
      <Filter>Source\Core</Filter>
    </ClCompile>
    <ClCompile Include="Source\Core\Window.cpp">
      <Filter>Source\Core</Filter>
    </ClCompile>
    <ClCompile Include="..\ThirdParties\imgui-docking\imgui.cpp">
      <Filter>Source\Imgui</Filter>
    </ClCompile>
    <ClCompile Include="..\ThirdParties\imgui-docking\imgui_demo.cpp">
      <Filter>Source\Imgui</Filter>
    </ClCompile>
    <ClCompile Include="..\ThirdParties\imgui-docking\imgui_draw.cpp">
      <Filter>Source\Imgui</Filter>
    </ClCompile>
    <ClCompile Include="..\ThirdParties\imgui-docking\imgui_tables.cpp">
      <Filter>Source\Imgui</Filter>
    </ClCompile>
    <ClCompile Include="..\ThirdParties\imgui-docking\imgui_widgets.cpp">
      <Filter>Source\Imgui</Filter>
    </ClCompile>
    <ClCompile Include="..\ThirdParties\imgui-sfml-3.0\imgui-SFML.cpp">
      <Filter>Source\Imgui</Filter>
    </ClCompile>
  </ItemGroup>
  <ItemGroup>
    <ClInclude Include="Include\Prerequisites.h">
      <Filter>Include</Filter>
    </ClInclude>
    <ClInclude Include="Include\Core\CShape.h">
      <Filter>Include\Core</Filter>
    </ClInclude>
    <ClInclude Include="Include\Core\Window.h">
      <Filter>Include\Core</Filter>
    </ClInclude>
    <ClInclude Include="Include\ECS\Types.h">
      <Filter>Include\ECS</Filter>
    </ClInclude>
    <ClInclude Include="Include\ECS\SparseSet.h">
      <Filter>Include\ECS</Filter>
    </ClInclude>
    <ClInclude Include="Include\ECS\ComponentPool.h">
      <Filter>Include\ECS</Filter>
    </ClInclude>
    <ClInclude Include="Include\ECS\System.h">
      <Filter>Include\ECS</Filter>
    </ClInclude>
    <ClInclude Include="Include\ECS\View.h">
      <Filter>Include\ECS</Filter>
    </ClInclude>
    <ClInclude Include="Include\ECS\Registry.h">
      <Filter>Include\ECS</Filter>
    </ClInclude>
    <ClInclude Include="Include\ECS\Components\Camera.h">
      <Filter>Include\ECS\Components</Filter>
    </ClInclude>
    <ClInclude Include="Include\ECS\Components\Transform.h">
      <Filter>Include\ECS\Components</Filter>
    </ClInclude>
    <ClInclude Include="Include\ECS\Systems\CameraSystem.h">
      <Filter>Include\ECS\Systems</Filter>
    </ClInclude>
    <ClInclude Include="Include\ECS\Systems\RenderSystem.h">
      <Filter>Include\ECS\Systems</Filter>
    </ClInclude>
    <ClInclude Include="Include\ECS\Components\Render.h">
      <Filter>Include\ECS\Components</Filter>
    </ClInclude>
    <ClInclude Include="Include\ECS\Systems\UISystem.h">
      <Filter>Include\ECS\Systems</Filter>
    </ClInclude>
  </ItemGroup>
</Project>